
Microsoft Visual Studio Solution File, Format Version 12.00
# Visual Studio 14
VisualStudioVersion = 14.0.25420.1
MinimumVisualStudioVersion = 10.0.40219.1
Project("{FAE04EC0-301F-11D3-BF4B-00C04F79EFBC}") = "WebApiDemo", "WebApiDemo\WebApiDemo.csproj", "{B85D8509-2C2D-482B-A8F0-BC6F26F3B58F}"
EndProject
Project("{FAE04EC0-301F-11D3-BF4B-00C04F79EFBC}") = "EmployeeDataAccess", "EmployeeDataAccess\EmployeeDataAccess.csproj", "{489675E3-770F-4B38-808D-71A2C3A73D93}"
EndProject
Global
	GlobalSection(SolutionConfigurationPlatforms) = preSolution
		Debug|Any CPU = Debug|Any CPU
		Release|Any CPU = Release|Any CPU
	EndGlobalSection
	GlobalSection(ProjectConfigurationPlatforms) = postSolution
		{B85D8509-2C2D-482B-A8F0-BC6F26F3B58F}.Debug|Any CPU.ActiveCfg = Debug|Any CPU
		{B85D8509-2C2D-482B-A8F0-BC6F26F3B58F}.Debug|Any CPU.Build.0 = Debug|Any CPU
		{B85D8509-2C2D-482B-A8F0-BC6F26F3B58F}.Release|Any CPU.ActiveCfg = Release|Any CPU
		{B85D8509-2C2D-482B-A8F0-BC6F26F3B58F}.Release|Any CPU.Build.0 = Release|Any CPU
		{489675E3-770F-4B38-808D-71A2C3A73D93}.Debug|Any CPU.ActiveCfg = Debug|Any CPU
		{489675E3-770F-4B38-808D-71A2C3A73D93}.Debug|Any CPU.Build.0 = Debug|Any CPU
		{489675E3-770F-4B38-808D-71A2C3A73D93}.Release|Any CPU.ActiveCfg = Release|Any CPU
		{489675E3-770F-4B38-808D-71A2C3A73D93}.Release|Any CPU.Build.0 = Release|Any CPU
	EndGlobalSection
	GlobalSection(SolutionProperties) = preSolution
		HideSolutionNode = FALSE
	EndGlobalSection
EndGlobal
